
Microsoft Visual Studio Solution File, Format Version 12.00
Project("{FAE04EC0-301F-11D3-BF4B-00C04F79EFBC}") = "BlazorLearn", "BlazorLearn\BlazorLearn.csproj", "{635B95EF-694A-4FAB-907E-9A9A61204CB2}"
EndProject
Global
	GlobalSection(SolutionConfigurationPlatforms) = preSolution
		Debug|Any CPU = Debug|Any CPU
		Release|Any CPU = Release|Any CPU
	EndGlobalSection
	GlobalSection(ProjectConfigurationPlatforms) = postSolution
		{635B95EF-694A-4FAB-907E-9A9A61204CB2}.Debug|Any CPU.ActiveCfg = Debug|Any CPU
		{635B95EF-694A-4FAB-907E-9A9A61204CB2}.Debug|Any CPU.Build.0 = Debug|Any CPU
		{635B95EF-694A-4FAB-907E-9A9A61204CB2}.Release|Any CPU.ActiveCfg = Release|Any CPU
		{635B95EF-694A-4FAB-907E-9A9A61204CB2}.Release|Any CPU.Build.0 = Release|Any CPU
	EndGlobalSection
EndGlobal
